{
    "_meta": {
        "hash": {
            "sha256": "6d354a1f6c1452582ce886a04b2b709ce770f422ef95ddc4efe8e0b8ccccc02e"
        },
        "pipfile-spec": 6,
        "requires": {
            "python_version": "3.5"
        },
        "sources": [
            {
                "name": "pypi",
                "url": "https://pypi.org/simple",
                "verify_ssl": true
            }
        ]
    },
    "default": {
        "pydicom": {
            "hashes": [
                "sha256:1490b78152f275daa3058ae661a5dc720d8e99d17ab7dd62862beb5e87a200e2",
                "sha256:881fe64316f1dbc137afec73df621a2ffa8b288b3ceb3cc639e75603cd38244e"
            ],
            "index": "pypi",
            "version": "==1.4.1"
        },
        "pyqt5": {
            "hashes": [
                "sha256:2d94ec761fb656707050c68b41958e3a9f755bb1df96c064470f4096d2899e32",
                "sha256:2f230f2dbd767099de7a0cb915abdf0cbc3256a0b5bb910eb09b99117db7a65b",
                "sha256:31b142a868152d60c6323e0527edb692fdf05fd7cb4fe2fe9ce07d1ce560221a",
                "sha256:713b9a201f5e7b2fca8691373e5d5c8c2552a51d87ca9ffbb1461e34e3241211",
                "sha256:a0bfe9fd718bca4de3e33000347e048f73126b6dc46530eb020b0251a638ee9d"
            ],
            "index": "pypi",
            "version": "==5.14.1"
        },
        "pyqt5-sip": {
            "hashes": [
                "sha256:1115728644bbadcde5fc8a16e7918bd31915a42dd6fb36b10d4afb78c582753e",
                "sha256:1f4289276d355b6521dc2cc956189315da6f13adfb6bbab8f25ebd15e3bce1d4",
                "sha256:288c6dc18a8d6a20981c07b715b5695d9b66880778565f3792bc6e38f14f20fb",
                "sha256:3f665376d9e52faa9855c3736a66ce6d825f85c86d7774d3c393f09da23f4f86",
                "sha256:6b4860c4305980db509415d0af802f111d15f92016c9422eb753bc8883463456",
                "sha256:7ffa39763097f64de129cf5cc770a651c3f65d2466b4fe05bef2bd2efbaa38e6",
                "sha256:8a18e6f45d482ddfe381789979d09ee13aa6450caa3a0476503891bccb3ac709",
                "sha256:8da842d3d7bf8931d1093105fb92702276b6dbb7e801abbaaa869405d616171a",
                "sha256:b42021229424aa44e99b3b49520b799fd64ff6ae8b53f79f903bbd85719a28e4",
                "sha256:b5b4906445fe980aee76f20400116b6904bf5f30d0767489c13370e42a764020",
                "sha256:c1e730a9eb2ec3869ed5d81b0f99f6e2460fb4d77750444c0ec183b771d798f7",
                "sha256:cbeeae6b45234a1654657f79943f8bccd3d14b4e7496746c62cf6fbce69442c7",
                "sha256:d46b0f8effc554de52a1466b1bd80e5cb4bce635a75ac4e7ad6247c965dec5b9",
                "sha256:e28c3abc9b62a1b7e796891648b9f14f8167b31c8e7990fae79654777252bb4d",
                "sha256:e6078f5ee7d31c102910d0c277a110e1c2a20a3fc88cd017a39e170120586d3f",
                "sha256:ee1a12f09d5af2304273bfd2f6b43835c1467d5ed501a6c95f5405637fa7750a",
                "sha256:f314f31f5fd39b06897f013f425137e511d45967150eb4e424a363d8138521c6"
            ],
            "version": "==12.7.1"
        },
        "vtk": {
            "hashes": [
                "sha256:110dd7d730584b2e8c13e15f1b245d1b5afb9a6e163223e1fb0e775cec818e92",
                "sha256:28df91add29d9cdd6c49235b2c65e31ab50c8655c56ad1a5914b605e22554d7d",
                "sha256:34b43d32609d81d94a7122e388f7d6a0883138438484d0ee29158726810f6704",
                "sha256:44454f9dd6c41f20b904b41e1ac0dd06cc3367952da1a8d8d3074e1a40dce916",
                "sha256:56e73eeba6402ba497a24ebdbe773cadbf01b9f7c12b3a2e26f8b40f203d718e",
                "sha256:5c2634afaabd2243c5fbe0f4aa9cff66537cfbcb5d4893e93c31cfce878a413c",
                "sha256:8c6809a3526c8cf06b921dec06cd672f54baa3a050124f0f19f0adb6cf283aa4",
                "sha256:cd68246764412e8f6855e8e73772392aa826b9d6c3d59e7544ce22af1ad7dcc8",
                "sha256:d4d834d29abf98c67a63328c271e82bde3f769cbae295fb91e840bead2298d13",
                "sha256:e790aed1a776d3682b2c38a5a795a0f46e3043f96ed113a3bbaf7ef5eaaeba08",
                "sha256:ee17372ded18987480e3e07405f9b36fc4e2a0c1da1503628c4980a3957d7c98"
            ],
            "index": "pypi",
            "version": "==8.1.2"
        }
    },
    "develop": {}
}
